# This file is automatically @generated by Cargo.
# It is not intended for manual editing.
version = 3

[[package]]
name = "proc-macro2"
version = "1.0.82"
source = "registry+https://github.com/rust-lang/crates.io-index"
checksum = "8ad3d49ab951a01fbaafe34f2ec74122942fe18a3f9814c3268f1bb72042131b"
dependencies = [
 "unicode-ident",
]

[[package]]
name = "quote"
version = "1.0.36"
source = "registry+https://github.com/rust-lang/crates.io-index"
checksum = "0fa76aaf39101c457836aec0ce2316dbdc3ab723cdda1c6bd4e6ad4208acaca7"
dependencies = [
 "proc-macro2",
]

[[package]]
name = "serde"
version = "1.0.201"
source = "registry+https://github.com/rust-lang/crates.io-index"
checksum = "780f1cebed1629e4753a1a38a3c72d30b97ec044f0aef68cb26650a3c5cf363c"
dependencies = [
 "serde_derive",
]

[[package]]
name = "serde_derive"
version = "1.0.201"
source = "registry+https://github.com/rust-lang/crates.io-index"
checksum = "c5e405930b9796f1c00bee880d03fc7e0bb4b9a11afc776885ffe84320da2865"
dependencies = [
 "proc-macro2",
 "quote",
 "syn",
]

[[package]]
name = "syn"
version = "2.0.62"
source = "registry+https://github.com/rust-lang/crates.io-index"
checksum = "9f660c3bfcefb88c538776b6685a0c472e3128b51e74d48793dc2a488196e8eb"
dependencies = [
 "proc-macro2",
 "quote",
 "unicode-ident",
]

[[package]]
name = "toml"
version = "0.4.10"
source = "registry+https://github.com/rust-lang/crates.io-index"
checksum = "758664fc71a3a69038656bee8b6be6477d2a6c315a6b81f7081f591bffa4111f"
dependencies = [
 "serde",
]

[[package]]
name = "toml_static"
version = "0.1.0"
dependencies = [
 "serde",
 "serde_derive",
 "toml",
]

[[package]]
name = "unicode-ident"
version = "1.0.12"
source = "registry+https://github.com/rust-lang/crates.io-index"
checksum = "3354b9ac3fae1ff6755cb6db53683adb661634f67557942dea4facebec0fee4b"
